
Microsoft Visual Studio Solution File, Format Version 12.00
# Visual Studio Version 16
VisualStudioVersion = 16.0.30503.244
MinimumVisualStudioVersion = 10.0.40219.1
Project("{6EC3EE1D-3C4E-46DD-8F32-0CC8E7565705}") = "DataGridWithButtonReset", "DataGridWithButtonReset\DataGridWithButtonReset\DataGridWithButtonReset.fsproj", "{97876DC9-2670-45B7-B790-98412FB513AF}"
EndProject
Project("{FAE04EC0-301F-11D3-BF4B-00C04F79EFBC}") = "DataGridWithButtonReset.View", "DataGridWithButtonReset.View\DataGridWithButtonReset.View.csproj", "{7E558A44-D667-4911-9764-5C3AE9D423C7}"
EndProject
Global
	GlobalSection(SolutionConfigurationPlatforms) = preSolution
		Debug|Any CPU = Debug|Any CPU
		Release|Any CPU = Release|Any CPU
	EndGlobalSection
	GlobalSection(ProjectConfigurationPlatforms) = postSolution
		{97876DC9-2670-45B7-B790-98412FB513AF}.Debug|Any CPU.ActiveCfg = Debug|Any CPU
		{97876DC9-2670-45B7-B790-98412FB513AF}.Debug|Any CPU.Build.0 = Debug|Any CPU
		{97876DC9-2670-45B7-B790-98412FB513AF}.Release|Any CPU.ActiveCfg = Release|Any CPU
		{97876DC9-2670-45B7-B790-98412FB513AF}.Release|Any CPU.Build.0 = Release|Any CPU
		{7E558A44-D667-4911-9764-5C3AE9D423C7}.Debug|Any CPU.ActiveCfg = Debug|Any CPU
		{7E558A44-D667-4911-9764-5C3AE9D423C7}.Debug|Any CPU.Build.0 = Debug|Any CPU
		{7E558A44-D667-4911-9764-5C3AE9D423C7}.Release|Any CPU.ActiveCfg = Release|Any CPU
		{7E558A44-D667-4911-9764-5C3AE9D423C7}.Release|Any CPU.Build.0 = Release|Any CPU
	EndGlobalSection
	GlobalSection(SolutionProperties) = preSolution
		HideSolutionNode = FALSE
	EndGlobalSection
	GlobalSection(ExtensibilityGlobals) = postSolution
		SolutionGuid = {6036690F-497E-4AC3-8E04-C730BA86B9FF}
	EndGlobalSection
EndGlobal
